
Microsoft Visual Studio Solution File, Format Version 12.00
# Visual Studio 2013
VisualStudioVersion = 12.0.21005.1
MinimumVisualStudioVersion = 10.0.40219.1
Project("{FAE04EC0-301F-11D3-BF4B-00C04F79EFBC}") = "WcfStatusReaderService", "WcfStatusReaderService.csproj", "{2B917055-0F9D-4E7D-944B-F202E99C759C}"
EndProject
Project("{FAE04EC0-301F-11D3-BF4B-00C04F79EFBC}") = "WpfTwitterStatusReader", "..\WpfTwitterStatusReader\WpfTwitterStatusReader.csproj", "{F7553C4F-EEAB-4DE4-813C-05EF75BB61B8}"
	ProjectSection(ProjectDependencies) = postProject
		{2B917055-0F9D-4E7D-944B-F202E99C759C} = {2B917055-0F9D-4E7D-944B-F202E99C759C}
	EndProjectSection
EndProject
Global
	GlobalSection(SolutionConfigurationPlatforms) = preSolution
		Debug|Any CPU = Debug|Any CPU
		Release|Any CPU = Release|Any CPU
	EndGlobalSection
	GlobalSection(ProjectConfigurationPlatforms) = postSolution
		{2B917055-0F9D-4E7D-944B-F202E99C759C}.Debug|Any CPU.ActiveCfg = Debug|Any CPU
		{2B917055-0F9D-4E7D-944B-F202E99C759C}.Debug|Any CPU.Build.0 = Debug|Any CPU
		{2B917055-0F9D-4E7D-944B-F202E99C759C}.Release|Any CPU.ActiveCfg = Release|Any CPU
		{2B917055-0F9D-4E7D-944B-F202E99C759C}.Release|Any CPU.Build.0 = Release|Any CPU
		{F7553C4F-EEAB-4DE4-813C-05EF75BB61B8}.Debug|Any CPU.ActiveCfg = Debug|Any CPU
		{F7553C4F-EEAB-4DE4-813C-05EF75BB61B8}.Debug|Any CPU.Build.0 = Debug|Any CPU
		{F7553C4F-EEAB-4DE4-813C-05EF75BB61B8}.Release|Any CPU.ActiveCfg = Release|Any CPU
		{F7553C4F-EEAB-4DE4-813C-05EF75BB61B8}.Release|Any CPU.Build.0 = Release|Any CPU
	EndGlobalSection
	GlobalSection(SolutionProperties) = preSolution
		HideSolutionNode = FALSE
	EndGlobalSection
EndGlobal
